
Microsoft Visual Studio Solution File, Format Version 12.00
# Visual Studio Version 17
VisualStudioVersion = 17.7.34302.85
MinimumVisualStudioVersion = 10.0.40219.1
Project("{FAE04EC0-301F-11D3-BF4B-00C04F79EFBC}") = "WpfClicker", "WpfClicker\WpfClicker.csproj", "{B919C534-0D9B-4C94-A1C4-4D223E17E03E}"
EndProject
Global
	GlobalSection(SolutionConfigurationPlatforms) = preSolution
		Debug|Any CPU = Debug|Any CPU
		Release|Any CPU = Release|Any CPU
	EndGlobalSection
	GlobalSection(ProjectConfigurationPlatforms) = postSolution
		{B919C534-0D9B-4C94-A1C4-4D223E17E03E}.Debug|Any CPU.ActiveCfg = Debug|Any CPU
		{B919C534-0D9B-4C94-A1C4-4D223E17E03E}.Debug|Any CPU.Build.0 = Debug|Any CPU
		{B919C534-0D9B-4C94-A1C4-4D223E17E03E}.Release|Any CPU.ActiveCfg = Release|Any CPU
		{B919C534-0D9B-4C94-A1C4-4D223E17E03E}.Release|Any CPU.Build.0 = Release|Any CPU
	EndGlobalSection
	GlobalSection(SolutionProperties) = preSolution
		HideSolutionNode = FALSE
	EndGlobalSection
	GlobalSection(ExtensibilityGlobals) = postSolution
		SolutionGuid = {9B329713-6562-408B-BB90-E5314FA07CA3}
	EndGlobalSection
EndGlobal
